version = 1
revision = 3
requires-python = ">=3.12"

[[package]]
name = "fastexcel"
version = "0.19.0"
source = { registry = "https://pypi.org/simple" }
sdist = { url = "https://files.pythonhosted.org/packages/0d/c8/3b09911348e9c64dbf41096d3e8f0e93c141a23990ec9f32514111bd5f55/fastexcel-0.19.0.tar.gz", hash = "sha256:216c3719ee90963bd93a0bf8c10b177233046ac975b67651152fdaedd3c99aa1", size = 60323, upload-time = "2026-01-20T11:17:37.253Z" }
wheels = [
    { url = "https://files.pythonhosted.org/packages/d1/e0/3820e93ea606549cfddb8c437141dd69f2b245e74785efc8bd7511ba909d/fastexcel-0.19.0-cp310-abi3-macosx_10_12_x86_64.whl", hash = "sha256:68601072a0b4b4277c165b68f1055f88ef7ffe7ed6f08c1eeda0f0271e3f7da0", size = 3082362, upload-time = "2026-01-20T11:17:27.157Z" },
    { url = "https://files.pythonhosted.org/packages/66/0f/b42dc09515879192919942157292912393584045fd8bad98bd92961d4c30/fastexcel-0.19.0-cp310-abi3-macosx_11_0_arm64.whl", hash = "sha256:c8a87d94445678e7e3f46a6aa39d2afaee5b88a983ec3661143a6488d8955f44", size = 2864365, upload-time = "2026-01-20T11:17:28.786Z" },
    { url = "https://files.pythonhosted.org/packages/8e/4a/bc358b20fcff64b4c14ff7d7a0e1f797792b8b77e30ae755873c02362538/fastexcel-0.19.0-cp310-abi3-manylinux_2_17_aarch64.manylinux2014_aarch64.whl", hash = "sha256:e94fc1be6642555f277af792c22a9f80ec9b4d640d9690f00abb822b6d865069", size = 3186426, upload-time = "2026-01-20T11:17:19.087Z" },
    { url = "https://files.pythonhosted.org/packages/58/ae/d2ffdc5ad14190153e2422fc90a1052a4b0c3086d24cb8ae8967575321d8/fastexcel-0.19.0-cp310-abi3-manylinux_2_17_x86_64.manylinux2014_x86_64.whl", hash = "sha256:334f9f40cd68b5924a712b6c104949757a0b8ad8a7e3fa3f3fad1c1ebc00258b", size = 3365628, upload-time = "2026-01-20T11:17:21.116Z" },
    { url = "https://files.pythonhosted.org/packages/6e/67/5f6d4e7760dc3dd8244cd124dabdd5bb7622bf1197edcc2513648847690e/fastexcel-0.19.0-cp310-abi3-win_amd64.whl", hash = "sha256:fbbdf9de79c3ef3572809bb187927c0dc5840968ffe513ea015a383024b7c6b0", size = 2905173, upload-time = "2026-01-20T11:17:33.687Z" },
    { url = "https://files.pythonhosted.org/packages/aa/a4/4290e356cfe028b11db8d96f8d5bca43bde8ed1fd9a491661df4d57551de/fastexcel-0.19.0-cp314-cp314t-macosx_10_12_x86_64.whl", hash = "sha256:26eb85d98087b3c13e083a1fb51a3dfcd57607865fb44d8d6db451948ef65c63", size = 3069723, upload-time = "2026-01-20T11:17:30.521Z" },
    { url = "https://files.pythonhosted.org/packages/fb/1e/1364b08c1d5449236af23366ac3beaabbc63b283f354fc1aa6ad0b95cc37/fastexcel-0.19.0-cp314-cp314t-macosx_11_0_arm64.whl", hash = "sha256:42d48b077b7ec070de6ea34c99f9a0c97e45cd767fbadd135fc30fa70de24b42", size = 2852643, upload-time = "2026-01-20T11:17:32.079Z" },
    { url = "https://files.pythonhosted.org/packages/85/1b/57a5e2441ab29ecb774f642f66d5e9f9246cdc14ca4ee85ada5b081f4656/fastexcel-0.19.0-cp314-cp314t-manylinux_2_17_aarch64.manylinux2014_aarch64.whl", hash = "sha256:e3c49fac330cc306bb0bd73d96138f438441d8254eed19ca6c1800aaa9d69054", size = 3182805, upload-time = "2026-01-20T11:17:23.068Z" },
    { url = "https://files.pythonhosted.org/packages/76/50/0e5c416b990d153bad1e63b8268ea751fc8a319d134de14e3bbba38000c7/fastexcel-0.19.0-cp314-cp314t-manylinux_2_17_x86_64.manylinux2014_x86_64.whl", hash = "sha256:75aad96c34836eca90fc6d0e061240c145795f8754424698e2aadfd634abb4cf", size = 3360260, upload-time = "2026-01-20T11:17:24.711Z" },
    { url = "https://files.pythonhosted.org/packages/48/38/b3faa12a74f387e037ff33adae761c22fc3aa44eed15a2c09d653b4eb194/fastexcel-0.19.0-cp314-cp314t-win_amd64.whl", hash = "sha256:7ef8e41cb0118f90d5f9a636fcdc0e9d635938cdaa54a3182328f3d34ce9ee1a", size = 2897686, upload-time = "2026-01-20T11:17:35.453Z" },
]

[[package]]
name = "kintsugi-data"
version = "0.1.0"
source = { editable = "." }
dependencies = [
    { name = "fastexcel" },
    { name = "polars" },
]

[package.metadata]
requires-dist = [
    { name = "fastexcel", specifier = ">=0.19.0" },
    { name = "polars", specifier = ">=1.38.1" },
]

[[package]]
name = "polars"
version = "1.38.1"
source = { registry = "https://pypi.org/simple" }
dependencies = [
    { name = "polars-runtime-32" },
]
sdist = { url = "https://files.pythonhosted.org/packages/c6/5e/208a24471a433bcd0e9a6889ac49025fd4daad2815c8220c5bd2576e5f1b/polars-1.38.1.tar.gz", hash = "sha256:803a2be5344ef880ad625addfb8f641995cfd777413b08a10de0897345778239", size = 717667, upload-time = "2026-02-06T18:13:23.013Z" }
wheels = [
    { url = "https://files.pythonhosted.org/packages/0a/49/737c1a6273c585719858261753da0b688454d1b634438ccba8a9c4eb5aab/polars-1.38.1-py3-none-any.whl", hash = "sha256:a29479c48fed4984d88b656486d221f638cba45d3e961631a50ee5fdde38cb2c", size = 810368, upload-time = "2026-02-06T18:11:55.819Z" },
]

[[package]]
name = "polars-runtime-32"
version = "1.38.1"
source = { registry = "https://pypi.org/simple" }
sdist = { url = "https://files.pythonhosted.org/packages/07/4b/04d6b3fb7cf336fbe12fbc4b43f36d1783e11bb0f2b1e3980ec44878df06/polars_runtime_32-1.38.1.tar.gz", hash = "sha256:04f20ed1f5c58771f34296a27029dc755a9e4b1390caeaef8f317e06fdfce2ec", size = 2812631, upload-time = "2026-02-06T18:13:25.206Z" }
wheels = [
    { url = "https://files.pythonhosted.org/packages/ae/a2/a00defbddadd8cf1042f52380dcba6b6592b03bac8e3b34c436b62d12d3b/polars_runtime_32-1.38.1-cp310-abi3-macosx_10_12_x86_64.whl", hash = "sha256:18154e96044724a0ac38ce155cf63aa03c02dd70500efbbf1a61b08cadd269ef", size = 44108001, upload-time = "2026-02-06T18:11:58.127Z" },
    { url = "https://files.pythonhosted.org/packages/a7/fb/599ff3709e6a303024efd7edfd08cf8de55c6ac39527d8f41cbc4399385f/polars_runtime_32-1.38.1-cp310-abi3-macosx_11_0_arm64.whl", hash = "sha256:c49acac34cc4049ed188f1eb67d6ff3971a39b4af7f7b734b367119970f313ac", size = 40230140, upload-time = "2026-02-06T18:12:01.181Z" },
    { url = "https://files.pythonhosted.org/packages/dc/8c/3ac18d6f89dc05fe2c7c0ee1dc5b81f77a5c85ad59898232c2500fe2ebbf/polars_runtime_32-1.38.1-cp310-abi3-manylinux_2_17_aarch64.manylinux2014_aarch64.whl", hash = "sha256:fef2ef2626a954e010e006cc8e4de467ecf32d08008f130cea1c78911f545323", size = 41994039, upload-time = "2026-02-06T18:12:04.332Z" },
    { url = "https://files.pythonhosted.org/packages/f2/5a/61d60ec5cc0ab37cbd5a699edb2f9af2875b7fdfdfb2a4608ca3cc5f0448/polars_runtime_32-1.38.1-cp310-abi3-manylinux_2_17_x86_64.manylinux2014_x86_64.whl", hash = "sha256:e8a5f7a8125e2d50e2e060296551c929aec09be23a9edcb2b12ca923f555a5ba", size = 45755804, upload-time = "2026-02-06T18:12:07.846Z" },
    { url = "https://files.pythonhosted.org/packages/91/54/02cd4074c98c361ccd3fec3bcb0bd68dbc639c0550c42a4436b0ff0f3ccf/polars_runtime_32-1.38.1-cp310-abi3-musllinux_1_2_aarch64.whl", hash = "sha256:10d19cd9863e129273b18b7fcaab625b5c8143c2d22b3e549067b78efa32e4fa", size = 42159605, upload-time = "2026-02-06T18:12:10.919Z" },
    { url = "https://files.pythonhosted.org/packages/8e/f3/b2a5e720cc56eaa38b4518e63aa577b4bbd60e8b05a00fe43ca051be5879/polars_runtime_32-1.38.1-cp310-abi3-musllinux_1_2_x86_64.whl", hash = "sha256:61e8d73c614b46a00d2f853625a7569a2e4a0999333e876354ac81d1bf1bb5e2", size = 45336615, upload-time = "2026-02-06T18:12:14.074Z" },
    { url = "https://files.pythonhosted.org/packages/f1/8d/ee2e4b7de948090cfb3df37d401c521233daf97bfc54ddec5d61d1d31618/polars_runtime_32-1.38.1-cp310-abi3-win_amd64.whl", hash = "sha256:08c2b3b93509c1141ac97891294ff5c5b0c548a373f583eaaea873a4bf506437", size = 45680732, upload-time = "2026-02-06T18:12:19.097Z" },
    { url = "https://files.pythonhosted.org/packages/bf/18/72c216f4ab0c82b907009668f79183ae029116ff0dd245d56ef58aac48e7/polars_runtime_32-1.38.1-cp310-abi3-win_arm64.whl", hash = "sha256:6d07d0cc832bfe4fb54b6e04218c2c27afcfa6b9498f9f6bbf262a00d58cc7c4", size = 41639413, upload-time = "2026-02-06T18:12:22.044Z" },
]
